github.com/golang-jwt/jwt/v5 v5.2.1 h1:OuVbFODueb089Lh128TAcimifWaLhJwVflnrgM17wHk=
github.com/golang-jwt/jwt/v5 v5.2.1/go.mod h1:pqrtFR0X4osieyHYxtmOUWsAWrfe1Q5UVIyoH402zdk=
github.com/shivakar/xxhash v0.0.0-20160821164220-5ea66fb45566 h1:h1L+TECcYYeIRv4ZWpcCe5fo0SEWVdqdpaBjv4NbqfQ=
github.com/shivakar/xxhash v0.0.0-20160821164220-5ea66fb45566/go.mod h1:w6mBKRlJaGS+Cavn1+D4hefmELN0JhpRLMGT3MZhSbY=
